
Microsoft Visual Studio Solution File, Format Version 12.00
# Visual Studio Version 17
VisualStudioVersion = 17.4.33110.190
MinimumVisualStudioVersion = 10.0.40219.1
Project("{FAE04EC0-301F-11D3-BF4B-00C04F79EFBC}") = "LotteryApp", "LotteryApp.csproj", "{A8A2998A-F729-48D0-9316-E877E47301B3}"
EndProject
Global
	GlobalSection(SolutionConfigurationPlatforms) = preSolution
		Debug|Any CPU = Debug|Any CPU
		Release|Any CPU = Release|Any CPU
	EndGlobalSection
	GlobalSection(ProjectConfigurationPlatforms) = postSolution
		{A8A2998A-F729-48D0-9316-E877E47301B3}.Debug|Any CPU.ActiveCfg = Debug|Any CPU
		{A8A2998A-F729-48D0-9316-E877E47301B3}.Debug|Any CPU.Build.0 = Debug|Any CPU
		{A8A2998A-F729-48D0-9316-E877E47301B3}.Release|Any CPU.ActiveCfg = Release|Any CPU
		{A8A2998A-F729-48D0-9316-E877E47301B3}.Release|Any CPU.Build.0 = Release|Any CPU
	EndGlobalSection
	GlobalSection(SolutionProperties) = preSolution
		HideSolutionNode = FALSE
	EndGlobalSection
	GlobalSection(ExtensibilityGlobals) = postSolution
		SolutionGuid = {197B53C0-BAFE-4127-9EE3-4467912A3FD8}
	EndGlobalSection
EndGlobal
